
Microsoft Visual Studio Solution File, Format Version 12.00
Project("{FAE04EC0-301F-11D3-BF4B-00C04F79EFBC}") = "e-library", "e-library.csproj", "{B3781B29-E1BB-4759-A91C-4ED5152B7FD2}"
EndProject
Global
	GlobalSection(SolutionConfigurationPlatforms) = preSolution
		Debug|Any CPU = Debug|Any CPU
		Release|Any CPU = Release|Any CPU
	EndGlobalSection
	GlobalSection(ProjectConfigurationPlatforms) = postSolution
		{B3781B29-E1BB-4759-A91C-4ED5152B7FD2}.Debug|Any CPU.ActiveCfg = Debug|Any CPU
		{B3781B29-E1BB-4759-A91C-4ED5152B7FD2}.Debug|Any CPU.Build.0 = Debug|Any CPU
		{B3781B29-E1BB-4759-A91C-4ED5152B7FD2}.Release|Any CPU.ActiveCfg = Release|Any CPU
		{B3781B29-E1BB-4759-A91C-4ED5152B7FD2}.Release|Any CPU.Build.0 = Release|Any CPU
	EndGlobalSection
EndGlobal
